
Microsoft Visual Studio Solution File, Format Version 12.00
# Visual Studio Version 16
VisualStudioVersion = 16.0.29519.87
MinimumVisualStudioVersion = 10.0.40219.1
Project("{FAE04EC0-301F-11D3-BF4B-00C04F79EFBC}") = "KeepOnTop", "KeepOnTop\KeepOnTop.csproj", "{BE4B69B8-B049-4E6C-BD69-F74F53045FF5}"
EndProject
Global
	GlobalSection(SolutionConfigurationPlatforms) = preSolution
		Debug|Any CPU = Debug|Any CPU
		Release|Any CPU = Release|Any CPU
	EndGlobalSection
	GlobalSection(ProjectConfigurationPlatforms) = postSolution
		{BE4B69B8-B049-4E6C-BD69-F74F53045FF5}.Debug|Any CPU.ActiveCfg = Debug|Any CPU
		{BE4B69B8-B049-4E6C-BD69-F74F53045FF5}.Debug|Any CPU.Build.0 = Debug|Any CPU
		{BE4B69B8-B049-4E6C-BD69-F74F53045FF5}.Release|Any CPU.ActiveCfg = Release|Any CPU
		{BE4B69B8-B049-4E6C-BD69-F74F53045FF5}.Release|Any CPU.Build.0 = Release|Any CPU
	EndGlobalSection
	GlobalSection(SolutionProperties) = preSolution
		HideSolutionNode = FALSE
	EndGlobalSection
	GlobalSection(ExtensibilityGlobals) = postSolution
		SolutionGuid = {DFC04B30-2BF1-4073-918B-8096C61AA064}
	EndGlobalSection
EndGlobal
